
Microsoft Visual Studio Solution File, Format Version 12.00
# Visual Studio Version 17
VisualStudioVersion = 17.0.31903.59
MinimumVisualStudioVersion = 10.0.40219.1
Project("{2150E333-8FDC-42A3-9474-1A3956D46DE8}") = "src", "src", "{013D0BDE-582C-4956-A278-69E854F74F80}"
EndProject
Project("{FAE04EC0-301F-11D3-BF4B-00C04F79EFBC}") = "NovaWallet.Domain", "src\NovaWallet.Domain\NovaWallet.Domain.csproj", "{C4CE8B2D-2519-4263-B76C-B6C0BBE4FA72}"
EndProject
Project("{FAE04EC0-301F-11D3-BF4B-00C04F79EFBC}") = "NovaWallet.Infrastructure", "src\NovaWallet.Infrastructure\NovaWallet.Infrastructure.csproj", "{3B41DB83-AD19-4CCB-B1F9-ACCD2311E430}"
EndProject
Project("{FAE04EC0-301F-11D3-BF4B-00C04F79EFBC}") = "NovaWallet.Api", "src\NovaWallet.Api\NovaWallet.Api.csproj", "{0C00D8DA-197F-48F4-B178-AF9BBC5ECFCF}"
EndProject
Global
	GlobalSection(SolutionConfigurationPlatforms) = preSolution
		Debug|Any CPU = Debug|Any CPU
		Release|Any CPU = Release|Any CPU
	EndGlobalSection
	GlobalSection(SolutionProperties) = preSolution
		HideSolutionNode = FALSE
	EndGlobalSection
	GlobalSection(ProjectConfigurationPlatforms) = postSolution
		{C4CE8B2D-2519-4263-B76C-B6C0BBE4FA72}.Debug|Any CPU.ActiveCfg = Debug|Any CPU
		{C4CE8B2D-2519-4263-B76C-B6C0BBE4FA72}.Debug|Any CPU.Build.0 = Debug|Any CPU
		{C4CE8B2D-2519-4263-B76C-B6C0BBE4FA72}.Release|Any CPU.ActiveCfg = Release|Any CPU
		{C4CE8B2D-2519-4263-B76C-B6C0BBE4FA72}.Release|Any CPU.Build.0 = Release|Any CPU
		{3B41DB83-AD19-4CCB-B1F9-ACCD2311E430}.Debug|Any CPU.ActiveCfg = Debug|Any CPU
		{3B41DB83-AD19-4CCB-B1F9-ACCD2311E430}.Debug|Any CPU.Build.0 = Debug|Any CPU
		{3B41DB83-AD19-4CCB-B1F9-ACCD2311E430}.Release|Any CPU.ActiveCfg = Release|Any CPU
		{3B41DB83-AD19-4CCB-B1F9-ACCD2311E430}.Release|Any CPU.Build.0 = Release|Any CPU
		{0C00D8DA-197F-48F4-B178-AF9BBC5ECFCF}.Debug|Any CPU.ActiveCfg = Debug|Any CPU
		{0C00D8DA-197F-48F4-B178-AF9BBC5ECFCF}.Debug|Any CPU.Build.0 = Debug|Any CPU
		{0C00D8DA-197F-48F4-B178-AF9BBC5ECFCF}.Release|Any CPU.ActiveCfg = Release|Any CPU
		{0C00D8DA-197F-48F4-B178-AF9BBC5ECFCF}.Release|Any CPU.Build.0 = Release|Any CPU
	EndGlobalSection
	GlobalSection(NestedProjects) = preSolution
		{C4CE8B2D-2519-4263-B76C-B6C0BBE4FA72} = {013D0BDE-582C-4956-A278-69E854F74F80}
		{3B41DB83-AD19-4CCB-B1F9-ACCD2311E430} = {013D0BDE-582C-4956-A278-69E854F74F80}
		{0C00D8DA-197F-48F4-B178-AF9BBC5ECFCF} = {013D0BDE-582C-4956-A278-69E854F74F80}
	EndGlobalSection
EndGlobal
